
Microsoft Visual Studio Solution File, Format Version 12.00
# Visual Studio 15
VisualStudioVersion = 15.0.26730.12
MinimumVisualStudioVersion = 10.0.40219.1
Project("{FAE04EC0-301F-11D3-BF4B-00C04F79EFBC}") = "chongbo", "chongbo\chongbo.csproj", "{532C15F4-1A35-451D-A797-D3AC883524E7}"
EndProject
Global
	GlobalSection(SolutionConfigurationPlatforms) = preSolution
		Debug|Any CPU = Debug|Any CPU
		Release|Any CPU = Release|Any CPU
	EndGlobalSection
	GlobalSection(ProjectConfigurationPlatforms) = postSolution
		{532C15F4-1A35-451D-A797-D3AC883524E7}.Debug|Any CPU.ActiveCfg = Debug|Any CPU
		{532C15F4-1A35-451D-A797-D3AC883524E7}.Debug|Any CPU.Build.0 = Debug|Any CPU
		{532C15F4-1A35-451D-A797-D3AC883524E7}.Release|Any CPU.ActiveCfg = Release|Any CPU
		{532C15F4-1A35-451D-A797-D3AC883524E7}.Release|Any CPU.Build.0 = Release|Any CPU
	EndGlobalSection
	GlobalSection(SolutionProperties) = preSolution
		HideSolutionNode = FALSE
	EndGlobalSection
	GlobalSection(ExtensibilityGlobals) = postSolution
		SolutionGuid = {B1A73C02-5533-4B5E-9021-A9FAD935907A}
	EndGlobalSection
EndGlobal
